
Microsoft Visual Studio Solution File, Format Version 12.00
# Visual Studio Version 17
VisualStudioVersion = 17.7.34031.279
MinimumVisualStudioVersion = 10.0.40219.1
Project("{2150E333-8FDC-42A3-9474-1A3956D46DE8}") = "src", "src", "{C72BDEC1-25E4-42C7-AD8E-1780182DF7CF}"
EndProject
Project("{2150E333-8FDC-42A3-9474-1A3956D46DE8}") = "Apps", "Apps", "{7A2998A7-7006-42BF-B4D2-E73AC57578FE}"
EndProject
Project("{2150E333-8FDC-42A3-9474-1A3956D46DE8}") = "Services", "Services", "{8D0344C6-545B-4459-9E74-69A94DFD2999}"
EndProject
Project("{9A19103F-16F7-4668-BE54-9A1E7A4F7556}") = "ProductService", "src\Services\ProductService\ProductService.csproj", "{5F666F47-39EE-4D38-B595-BE4981191327}"
EndProject
Project("{9A19103F-16F7-4668-BE54-9A1E7A4F7556}") = "OrderSystemAPI", "src\App\OrderSystemAPI\OrderSystemAPI.csproj", "{589D5B4F-624A-4357-A765-0861C4C6E85C}"
EndProject
Project("{9A19103F-16F7-4668-BE54-9A1E7A4F7556}") = "OrderService", "src\Services\OrderService\OrderService.csproj", "{42AD2BE3-B7C1-43A5-862C-075AC8D36B91}"
EndProject
Project("{2150E333-8FDC-42A3-9474-1A3956D46DE8}") = "Common", "Common", "{3143234A-F3D2-4C61-80D7-AD1102E71191}"
EndProject
Project("{9A19103F-16F7-4668-BE54-9A1E7A4F7556}") = "ProductCommon", "src\Common\ProductCommon\ProductCommon.csproj", "{A32C6DBD-9A93-418C-9B6E-F0720160D044}"
EndProject
Project("{9A19103F-16F7-4668-BE54-9A1E7A4F7556}") = "MessageBroker", "src\Common\MessageBroker\MessageBroker.csproj", "{725D6C8C-3260-47C4-9575-BF62E3CBCAD3}"
EndProject
Project("{9A19103F-16F7-4668-BE54-9A1E7A4F7556}") = "ServiceCommon", "src\Common\ServiceCommon\ServiceCommon.csproj", "{C4274C2D-B5DA-4BF3-B3E8-5632CC6D0C11}"
EndProject
Project("{9A19103F-16F7-4668-BE54-9A1E7A4F7556}") = "OrderCommon", "src\Common\OrderCommon\OrderCommon.csproj", "{1D4B3903-67E0-4F15-A8A5-A01C5F4A0448}"
EndProject
Global
	GlobalSection(SolutionConfigurationPlatforms) = preSolution
		Debug|Any CPU = Debug|Any CPU
		Release|Any CPU = Release|Any CPU
	EndGlobalSection
	GlobalSection(ProjectConfigurationPlatforms) = postSolution
		{5F666F47-39EE-4D38-B595-BE4981191327}.Debug|Any CPU.ActiveCfg = Debug|Any CPU
		{5F666F47-39EE-4D38-B595-BE4981191327}.Debug|Any CPU.Build.0 = Debug|Any CPU
		{5F666F47-39EE-4D38-B595-BE4981191327}.Release|Any CPU.ActiveCfg = Release|Any CPU
		{5F666F47-39EE-4D38-B595-BE4981191327}.Release|Any CPU.Build.0 = Release|Any CPU
		{589D5B4F-624A-4357-A765-0861C4C6E85C}.Debug|Any CPU.ActiveCfg = Debug|Any CPU
		{589D5B4F-624A-4357-A765-0861C4C6E85C}.Debug|Any CPU.Build.0 = Debug|Any CPU
		{589D5B4F-624A-4357-A765-0861C4C6E85C}.Release|Any CPU.ActiveCfg = Release|Any CPU
		{589D5B4F-624A-4357-A765-0861C4C6E85C}.Release|Any CPU.Build.0 = Release|Any CPU
		{42AD2BE3-B7C1-43A5-862C-075AC8D36B91}.Debug|Any CPU.ActiveCfg = Debug|Any CPU
		{42AD2BE3-B7C1-43A5-862C-075AC8D36B91}.Debug|Any CPU.Build.0 = Debug|Any CPU
		{42AD2BE3-B7C1-43A5-862C-075AC8D36B91}.Release|Any CPU.ActiveCfg = Release|Any CPU
		{42AD2BE3-B7C1-43A5-862C-075AC8D36B91}.Release|Any CPU.Build.0 = Release|Any CPU
		{A32C6DBD-9A93-418C-9B6E-F0720160D044}.Debug|Any CPU.ActiveCfg = Debug|Any CPU
		{A32C6DBD-9A93-418C-9B6E-F0720160D044}.Debug|Any CPU.Build.0 = Debug|Any CPU
		{A32C6DBD-9A93-418C-9B6E-F0720160D044}.Release|Any CPU.ActiveCfg = Release|Any CPU
		{A32C6DBD-9A93-418C-9B6E-F0720160D044}.Release|Any CPU.Build.0 = Release|Any CPU
		{725D6C8C-3260-47C4-9575-BF62E3CBCAD3}.Debug|Any CPU.ActiveCfg = Debug|Any CPU
		{725D6C8C-3260-47C4-9575-BF62E3CBCAD3}.Debug|Any CPU.Build.0 = Debug|Any CPU
		{725D6C8C-3260-47C4-9575-BF62E3CBCAD3}.Release|Any CPU.ActiveCfg = Release|Any CPU
		{725D6C8C-3260-47C4-9575-BF62E3CBCAD3}.Release|Any CPU.Build.0 = Release|Any CPU
		{C4274C2D-B5DA-4BF3-B3E8-5632CC6D0C11}.Debug|Any CPU.ActiveCfg = Debug|Any CPU
		{C4274C2D-B5DA-4BF3-B3E8-5632CC6D0C11}.Debug|Any CPU.Build.0 = Debug|Any CPU
		{C4274C2D-B5DA-4BF3-B3E8-5632CC6D0C11}.Release|Any CPU.ActiveCfg = Release|Any CPU
		{C4274C2D-B5DA-4BF3-B3E8-5632CC6D0C11}.Release|Any CPU.Build.0 = Release|Any CPU
		{1D4B3903-67E0-4F15-A8A5-A01C5F4A0448}.Debug|Any CPU.ActiveCfg = Debug|Any CPU
		{1D4B3903-67E0-4F15-A8A5-A01C5F4A0448}.Debug|Any CPU.Build.0 = Debug|Any CPU
		{1D4B3903-67E0-4F15-A8A5-A01C5F4A0448}.Release|Any CPU.ActiveCfg = Release|Any CPU
		{1D4B3903-67E0-4F15-A8A5-A01C5F4A0448}.Release|Any CPU.Build.0 = Release|Any CPU
	EndGlobalSection
	GlobalSection(SolutionProperties) = preSolution
		HideSolutionNode = FALSE
	EndGlobalSection
	GlobalSection(NestedProjects) = preSolution
		{7A2998A7-7006-42BF-B4D2-E73AC57578FE} = {C72BDEC1-25E4-42C7-AD8E-1780182DF7CF}
		{8D0344C6-545B-4459-9E74-69A94DFD2999} = {C72BDEC1-25E4-42C7-AD8E-1780182DF7CF}
		{5F666F47-39EE-4D38-B595-BE4981191327} = {8D0344C6-545B-4459-9E74-69A94DFD2999}
		{589D5B4F-624A-4357-A765-0861C4C6E85C} = {7A2998A7-7006-42BF-B4D2-E73AC57578FE}
		{42AD2BE3-B7C1-43A5-862C-075AC8D36B91} = {8D0344C6-545B-4459-9E74-69A94DFD2999}
		{3143234A-F3D2-4C61-80D7-AD1102E71191} = {C72BDEC1-25E4-42C7-AD8E-1780182DF7CF}
		{A32C6DBD-9A93-418C-9B6E-F0720160D044} = {3143234A-F3D2-4C61-80D7-AD1102E71191}
		{725D6C8C-3260-47C4-9575-BF62E3CBCAD3} = {3143234A-F3D2-4C61-80D7-AD1102E71191}
		{C4274C2D-B5DA-4BF3-B3E8-5632CC6D0C11} = {3143234A-F3D2-4C61-80D7-AD1102E71191}
		{1D4B3903-67E0-4F15-A8A5-A01C5F4A0448} = {3143234A-F3D2-4C61-80D7-AD1102E71191}
	EndGlobalSection
	GlobalSection(ExtensibilityGlobals) = postSolution
		SolutionGuid = {F97C2074-59A8-48A6-80EE-C0EFDFB5ADF4}
	EndGlobalSection
EndGlobal
